
Microsoft Visual Studio Solution File, Format Version 12.00
# Visual Studio Version 17
VisualStudioVersion = 17.0.31903.59
MinimumVisualStudioVersion = 10.0.40219.1
Project("{FAE04EC0-301F-11D3-BF4B-00C04F79EFBC}") = "Server", "Chat 3.0\Server.csproj", "{3EC0D8D9-0EAB-4D04-AD1E-7C8EF035D7D1}"
EndProject
Project("{FAE04EC0-301F-11D3-BF4B-00C04F79EFBC}") = "Client", "Client\Client.csproj", "{91C6B891-E1D1-43D6-8547-35F18D097159}"
EndProject
Global
	GlobalSection(SolutionConfigurationPlatforms) = preSolution
		Debug|Any CPU = Debug|Any CPU
		Release|Any CPU = Release|Any CPU
	EndGlobalSection
	GlobalSection(ProjectConfigurationPlatforms) = postSolution
		{3EC0D8D9-0EAB-4D04-AD1E-7C8EF035D7D1}.Debug|Any CPU.ActiveCfg = Debug|Any CPU
		{3EC0D8D9-0EAB-4D04-AD1E-7C8EF035D7D1}.Debug|Any CPU.Build.0 = Debug|Any CPU
		{3EC0D8D9-0EAB-4D04-AD1E-7C8EF035D7D1}.Release|Any CPU.ActiveCfg = Release|Any CPU
		{3EC0D8D9-0EAB-4D04-AD1E-7C8EF035D7D1}.Release|Any CPU.Build.0 = Release|Any CPU
		{91C6B891-E1D1-43D6-8547-35F18D097159}.Debug|Any CPU.ActiveCfg = Debug|Any CPU
		{91C6B891-E1D1-43D6-8547-35F18D097159}.Debug|Any CPU.Build.0 = Debug|Any CPU
		{91C6B891-E1D1-43D6-8547-35F18D097159}.Release|Any CPU.ActiveCfg = Release|Any CPU
		{91C6B891-E1D1-43D6-8547-35F18D097159}.Release|Any CPU.Build.0 = Release|Any CPU
	EndGlobalSection
	GlobalSection(SolutionProperties) = preSolution
		HideSolutionNode = FALSE
	EndGlobalSection
	GlobalSection(ExtensibilityGlobals) = postSolution
		SolutionGuid = {8081A70A-0D65-45E9-A193-A515F5917599}
	EndGlobalSection
EndGlobal
